
Microsoft Visual Studio Solution File, Format Version 12.00
# Visual Studio Version 17
VisualStudioVersion = 17.0.31903.59
MinimumVisualStudioVersion = 10.0.40219.1
Project("{9A19103F-16F7-4668-BE54-9A1E7A4F7556}") = "CombatRelief", "CombatRelief\CombatRelief.csproj", "{54A8EF4B-704E-475B-8E4C-0DC2FD58CE72}"
EndProject
Project("{2150E333-8FDC-42A3-9474-1A3956D46DE8}") = "Solution Items", "Solution Items", "{868C0EDF-8A0E-4070-AC7D-0EB5A616FF05}"
	ProjectSection(SolutionItems) = preProject
		.gitignore = .gitignore
		LICENSE = LICENSE
		README.md = README.md
		Repository.json = Repository.json
	EndProjectSection
EndProject
Global
	GlobalSection(SolutionConfigurationPlatforms) = preSolution
		Debug|Any CPU = Debug|Any CPU
		Release|Any CPU = Release|Any CPU
	EndGlobalSection
	GlobalSection(ProjectConfigurationPlatforms) = postSolution
		{54A8EF4B-704E-475B-8E4C-0DC2FD58CE72}.Debug|Any CPU.ActiveCfg = Debug|Any CPU
		{54A8EF4B-704E-475B-8E4C-0DC2FD58CE72}.Debug|Any CPU.Build.0 = Debug|Any CPU
		{54A8EF4B-704E-475B-8E4C-0DC2FD58CE72}.Release|Any CPU.ActiveCfg = Release|Any CPU
		{54A8EF4B-704E-475B-8E4C-0DC2FD58CE72}.Release|Any CPU.Build.0 = Release|Any CPU
	EndGlobalSection
	GlobalSection(SolutionProperties) = preSolution
		HideSolutionNode = FALSE
	EndGlobalSection
	GlobalSection(ExtensibilityGlobals) = postSolution
		SolutionGuid = {121C97B9-8F2D-425B-B16B-D67BE7A6F8B8}
	EndGlobalSection
EndGlobal
